Microsoft Visual Studio Solution File, Format Version 12.00
# Visual Studio Version 17
VisualStudioVersion = 17.5.2.0
MinimumVisualStudioVersion = 10.0.40219.1
Project("{FAE04EC0-301F-11D3-BF4B-00C04F79EFBC}") = "InventoryManagement", "InventoryManagement.csproj", "{956436CB-6E48-4D3C-320C-583D6FA1CEA4}"
EndProject
Global
	GlobalSection(SolutionConfigurationPlatforms) = preSolution
		Debug|Any CPU = Debug|Any CPU
		Release|Any CPU = Release|Any CPU
	EndGlobalSection
	GlobalSection(ProjectConfigurationPlatforms) = postSolution
		{956436CB-6E48-4D3C-320C-583D6FA1CEA4}.Debug|Any CPU.ActiveCfg = Debug|Any CPU
		{956436CB-6E48-4D3C-320C-583D6FA1CEA4}.Debug|Any CPU.Build.0 = Debug|Any CPU
		{956436CB-6E48-4D3C-320C-583D6FA1CEA4}.Release|Any CPU.ActiveCfg = Release|Any CPU
		{956436CB-6E48-4D3C-320C-583D6FA1CEA4}.Release|Any CPU.Build.0 = Release|Any CPU
	EndGlobalSection
	GlobalSection(SolutionProperties) = preSolution
		HideSolutionNode = FALSE
	EndGlobalSection
	GlobalSection(ExtensibilityGlobals) = postSolution
		SolutionGuid = {8433993B-61E6-4947-B0B2-C618DAE14566}
	EndGlobalSection
EndGlobal
